
Microsoft Visual Studio Solution File, Format Version 12.00
# Visual Studio 14
VisualStudioVersion = 14.0.24720.0
MinimumVisualStudioVersion = 10.0.40219.1
Project("{FAE04EC0-301F-11D3-BF4B-00C04F79EFBC}") = "Kleps", "Kleps\Kleps.csproj", "{6377A2EE-698E-41E7-A2F7-72EDDB27CC9B}"
EndProject
Project("{FAE04EC0-301F-11D3-BF4B-00C04F79EFBC}") = "GameEventSandbox", "GameEventSandbox\GameEventSandbox.csproj", "{ED787CB0-3A4D-413F-81D1-5F80B7104C04}"
EndProject
Project("{FAE04EC0-301F-11D3-BF4B-00C04F79EFBC}") = "GameEventVIsualSandbox", "GameEventVIsualSandbox\GameEventVIsualSandbox.csproj", "{7AF01AEF-EBA5-462B-A4B2-15EA484F63A0}"
EndProject
Global
	GlobalSection(SolutionConfigurationPlatforms) = preSolution
		Debug|Any CPU = Debug|Any CPU
		Debug|x86 = Debug|x86
		Release|Any CPU = Release|Any CPU
		Release|x86 = Release|x86
	EndGlobalSection
	GlobalSection(ProjectConfigurationPlatforms) = postSolution
		{6377A2EE-698E-41E7-A2F7-72EDDB27CC9B}.Debug|Any CPU.ActiveCfg = Debug|Any CPU
		{6377A2EE-698E-41E7-A2F7-72EDDB27CC9B}.Debug|Any CPU.Build.0 = Debug|Any CPU
		{6377A2EE-698E-41E7-A2F7-72EDDB27CC9B}.Debug|x86.ActiveCfg = Debug|x86
		{6377A2EE-698E-41E7-A2F7-72EDDB27CC9B}.Debug|x86.Build.0 = Debug|x86
		{6377A2EE-698E-41E7-A2F7-72EDDB27CC9B}.Release|Any CPU.ActiveCfg = Release|Any CPU
		{6377A2EE-698E-41E7-A2F7-72EDDB27CC9B}.Release|Any CPU.Build.0 = Release|Any CPU
		{6377A2EE-698E-41E7-A2F7-72EDDB27CC9B}.Release|x86.ActiveCfg = Release|x86
		{6377A2EE-698E-41E7-A2F7-72EDDB27CC9B}.Release|x86.Build.0 = Release|x86
		{ED787CB0-3A4D-413F-81D1-5F80B7104C04}.Debug|Any CPU.ActiveCfg = Debug|Any CPU
		{ED787CB0-3A4D-413F-81D1-5F80B7104C04}.Debug|Any CPU.Build.0 = Debug|Any CPU
		{ED787CB0-3A4D-413F-81D1-5F80B7104C04}.Debug|x86.ActiveCfg = Debug|Any CPU
		{ED787CB0-3A4D-413F-81D1-5F80B7104C04}.Debug|x86.Build.0 = Debug|Any CPU
		{ED787CB0-3A4D-413F-81D1-5F80B7104C04}.Release|Any CPU.ActiveCfg = Release|Any CPU
		{ED787CB0-3A4D-413F-81D1-5F80B7104C04}.Release|Any CPU.Build.0 = Release|Any CPU
		{ED787CB0-3A4D-413F-81D1-5F80B7104C04}.Release|x86.ActiveCfg = Release|Any CPU
		{ED787CB0-3A4D-413F-81D1-5F80B7104C04}.Release|x86.Build.0 = Release|Any CPU
		{7AF01AEF-EBA5-462B-A4B2-15EA484F63A0}.Debug|Any CPU.ActiveCfg = Debug|Any CPU
		{7AF01AEF-EBA5-462B-A4B2-15EA484F63A0}.Debug|Any CPU.Build.0 = Debug|Any CPU
		{7AF01AEF-EBA5-462B-A4B2-15EA484F63A0}.Debug|x86.ActiveCfg = Debug|x86
		{7AF01AEF-EBA5-462B-A4B2-15EA484F63A0}.Debug|x86.Build.0 = Debug|x86
		{7AF01AEF-EBA5-462B-A4B2-15EA484F63A0}.Release|Any CPU.ActiveCfg = Release|Any CPU
		{7AF01AEF-EBA5-462B-A4B2-15EA484F63A0}.Release|Any CPU.Build.0 = Release|Any CPU
		{7AF01AEF-EBA5-462B-A4B2-15EA484F63A0}.Release|x86.ActiveCfg = Release|Any CPU
		{7AF01AEF-EBA5-462B-A4B2-15EA484F63A0}.Release|x86.Build.0 = Release|Any CPU
	EndGlobalSection
	GlobalSection(SolutionProperties) = preSolution
		HideSolutionNode = FALSE
	EndGlobalSection
EndGlobal
